<Solution>
  <Configurations>
    <Platform Name="x64" />
    <Platform Name="x86" />
  </Configurations>
  <Project Path="../../../../../../OneDrive/Documents/My Websites/visualstudio/cpp/Expense Tracker Program/Expense Tracker Program.vcxproj" Id="61ee8b53-f51e-4618-b8bf-7bf7c5c73766" />
</Solution>
